
Microsoft Visual Studio Solution File, Format Version 12.00
# Visual Studio Version 16
VisualStudioVersion = 16.0.31507.150
MinimumVisualStudioVersion = 10.0.40219.1
Project("{FAE04EC0-301F-11D3-BF4B-00C04F79EFBC}") = "CovidVaccinationProject", "CovidVaccinationProject.csproj", "{DCACF68D-163F-4CC1-BBE3-E6100B42914D}"
EndProject
Global
	GlobalSection(SolutionConfigurationPlatforms) = preSolution
		Debug|Any CPU = Debug|Any CPU
		Release|Any CPU = Release|Any CPU
	EndGlobalSection
	GlobalSection(ProjectConfigurationPlatforms) = postSolution
		{DCACF68D-163F-4CC1-BBE3-E6100B42914D}.Debug|Any CPU.ActiveCfg = Debug|Any CPU
		{DCACF68D-163F-4CC1-BBE3-E6100B42914D}.Debug|Any CPU.Build.0 = Debug|Any CPU
		{DCACF68D-163F-4CC1-BBE3-E6100B42914D}.Release|Any CPU.ActiveCfg = Release|Any CPU
		{DCACF68D-163F-4CC1-BBE3-E6100B42914D}.Release|Any CPU.Build.0 = Release|Any CPU
	EndGlobalSection
	GlobalSection(SolutionProperties) = preSolution
		HideSolutionNode = FALSE
	EndGlobalSection
	GlobalSection(ExtensibilityGlobals) = postSolution
		SolutionGuid = {3E5CA298-DE36-4708-9C42-43FDD33F0449}
	EndGlobalSection
EndGlobal
